
Microsoft Visual Studio Solution File, Format Version 12.00
# Visual Studio 2013
VisualStudioVersion = 12.0.31101.0
MinimumVisualStudioVersion = 10.0.40219.1
Project("{FAE04EC0-301F-11D3-BF4B-00C04F79EFBC}") = "Ot_Sims_Givebox", "Ot_Sims_Givebox\Ot_Sims_Givebox.csproj", "{134F01F5-B60B-4DA4-AE1B-E524D7825D62}"
EndProject
Project("{FAE04EC0-301F-11D3-BF4B-00C04F79EFBC}") = "Ot_Sims_Givebox_Client", "..\..\client\Ot_Sims_Givebox_Client.csproj", "{92310D45-84D8-4A9C-9309-51051301B6CD}"
EndProject
Global
	GlobalSection(SolutionConfigurationPlatforms) = preSolution
		Debug|Any CPU = Debug|Any CPU
		Release|Any CPU = Release|Any CPU
	EndGlobalSection
	GlobalSection(ProjectConfigurationPlatforms) = postSolution
		{134F01F5-B60B-4DA4-AE1B-E524D7825D62}.Debug|Any CPU.ActiveCfg = Debug|Any CPU
		{134F01F5-B60B-4DA4-AE1B-E524D7825D62}.Debug|Any CPU.Build.0 = Debug|Any CPU
		{134F01F5-B60B-4DA4-AE1B-E524D7825D62}.Release|Any CPU.ActiveCfg = Release|Any CPU
		{134F01F5-B60B-4DA4-AE1B-E524D7825D62}.Release|Any CPU.Build.0 = Release|Any CPU
		{92310D45-84D8-4A9C-9309-51051301B6CD}.Debug|Any CPU.ActiveCfg = Debug|Any CPU
		{92310D45-84D8-4A9C-9309-51051301B6CD}.Debug|Any CPU.Build.0 = Debug|Any CPU
		{92310D45-84D8-4A9C-9309-51051301B6CD}.Release|Any CPU.ActiveCfg = Release|Any CPU
		{92310D45-84D8-4A9C-9309-51051301B6CD}.Release|Any CPU.Build.0 = Release|Any CPU
	EndGlobalSection
	GlobalSection(SolutionProperties) = preSolution
		HideSolutionNode = FALSE
	EndGlobalSection
EndGlobal
